Microsoft Visual Studio Solution File, Format Version 12.00
# Visual Studio Version 17
VisualStudioVersion = 17.5.2.0
MinimumVisualStudioVersion = 10.0.40219.1
Project("{FAE04EC0-301F-11D3-BF4B-00C04F79EFBC}") = "ArbolesAVL", "ArbolesAVL.csproj", "{7DB3AED3-29E4-42B5-D46C-EA6E9B0FCAE6}"
EndProject
Global
	GlobalSection(SolutionConfigurationPlatforms) = preSolution
		Debug|Any CPU = Debug|Any CPU
		Release|Any CPU = Release|Any CPU
	EndGlobalSection
	GlobalSection(ProjectConfigurationPlatforms) = postSolution
		{7DB3AED3-29E4-42B5-D46C-EA6E9B0FCAE6}.Debug|Any CPU.ActiveCfg = Debug|Any CPU
		{7DB3AED3-29E4-42B5-D46C-EA6E9B0FCAE6}.Debug|Any CPU.Build.0 = Debug|Any CPU
		{7DB3AED3-29E4-42B5-D46C-EA6E9B0FCAE6}.Release|Any CPU.ActiveCfg = Release|Any CPU
		{7DB3AED3-29E4-42B5-D46C-EA6E9B0FCAE6}.Release|Any CPU.Build.0 = Release|Any CPU
	EndGlobalSection
	GlobalSection(SolutionProperties) = preSolution
		HideSolutionNode = FALSE
	EndGlobalSection
	GlobalSection(ExtensibilityGlobals) = postSolution
		SolutionGuid = {D97254D8-3998-43B1-9A72-DE545A3AB838}
	EndGlobalSection
EndGlobal
